// !$*UTF8*$!
{
	archiveVersion = 1;
	classes = {
	};
	objectVersion = 56;
	objects = {

/* Begin PBXBuildFile section */
		360BAB8A29AE06AD001952C1 /* AppDelegate.swift in Sources */ = {isa = PBXBuildFile; fileRef = 360BAB8929AE06AD001952C1 /* AppDelegate.swift */; };
		360BAB8C29AE06AD001952C1 /* SceneDelegate.swift in Sources */ = {isa = PBXBuildFile; fileRef = 360BAB8B29AE06AD001952C1 /* SceneDelegate.swift */; };
		360BAB8E29AE06AD001952C1 /* ViewController.swift in Sources */ = {isa = PBXBuildFile; fileRef = 360BAB8D29AE06AD001952C1 /* ViewController.swift */; };
		360BAB9129AE06AE001952C1 /* Main.storyboard in Resources */ = {isa = PBXBuildFile; fileRef = 360BAB8F29AE06AE001952C1 /* Main.storyboard */; };
		360BAB9329AE06AE001952C1 /* Assets.xcassets in Resources */ = {isa = PBXBuildFile; fileRef = 360BAB9229AE06AE001952C1 /* Assets.xcassets */; };
		360BAB9629AE06AE001952C1 /* LaunchScreen.storyboard in Resources */ = {isa = PBXBuildFile; fileRef = 360BAB9429AE06AE001952C1 /* LaunchScreen.storyboard */; };
		360BABA129AE06AE001952C1 /* wantedChallengeTests.swift in Sources */ = {isa = PBXBuildFile; fileRef = 360BABA029AE06AE001952C1 /* wantedChallengeTests.swift */; };
		360BABAB29AE06AE001952C1 /* wantedChallengeUITests.swift in Sources */ = {isa = PBXBuildFile; fileRef = 360BABAA29AE06AE001952C1 /* wantedChallengeUITests.swift */; };
		360BABAD29AE06AE001952C1 /* wantedChallengeUITestsLaunchTests.swift in Sources */ = {isa = PBXBuildFile; fileRef = 360BABAC29AE06AE001952C1 /* wantedChallengeUITestsLaunchTests.swift */; };
		367B099E29AF19D1001FB5C8 /* ImageTableViewCell.swift in Sources */ = {isa = PBXBuildFile; fileRef = 367B099D29AF19D1001FB5C8 /* ImageTableViewCell.swift */; };
/* End PBXBuildFile section */

/* Begin PBXContainerItemProxy section */
		360BAB9D29AE06AE001952C1 /* PBXContainerItemProxy */ = {
			isa = PBXContainerItemProxy;
			containerPortal = 360BAB7E29AE06AD001952C1 /* Project object */;
			proxyType = 1;
			remoteGlobalIDString = 360BAB8529AE06AD001952C1;
			remoteInfo = wantedChallenge;
		};
		360BABA729AE06AE001952C1 /* PBXContainerItemProxy */ = {
			isa = PBXContainerItemProxy;
			containerPortal = 360BAB7E29AE06AD001952C1 /* Project object */;
			proxyType = 1;
			remoteGlobalIDString = 360BAB8529AE06AD001952C1;
			remoteInfo = wantedChallenge;
		};
/* End PBXContainerItemProxy section */

/* Begin PBXFileReference section */
		360BAB8629AE06AD001952C1 /* wantedChallenge.app */ = {isa = PBXFileReference; explicitFileType = wrapper.application; includeInIndex = 0; path = wantedChallenge.app; sourceTree = BUILT_PRODUCTS_DIR; };
		360BAB8929AE06AD001952C1 /* AppDelegate.swift */ = {isa = PBXFileReference; lastKnownFileType = sourcecode.swift; path = AppDelegate.swift; sourceTree = "<group>"; };
		360BAB8B29AE06AD001952C1 /* SceneDelegate.swift */ = {isa = PBXFileReference; lastKnownFileType = sourcecode.swift; path = SceneDelegate.swift; sourceTree = "<group>"; };
		360BAB8D29AE06AD001952C1 /* ViewController.swift */ = {isa = PBXFileReference; lastKnownFileType = sourcecode.swift; path = ViewController.swift; sourceTree = "<group>"; };
		360BAB9029AE06AE001952C1 /* Base */ = {isa = PBXFileReference; lastKnownFileType = file.storyboard; name = Base; path = Base.lproj/Main.storyboard; sourceTree = "<group>"; };
		360BAB9229AE06AE001952C1 /* Assets.xcassets */ = {isa = PBXFileReference; lastKnownFileType = folder.assetcatalog; path = Assets.xcassets; sourceTree = "<group>"; };
		360BAB9529AE06AE001952C1 /* Base */ = {isa = PBXFileReference; lastKnownFileType = file.storyboard; name = Base; path = Base.lproj/LaunchScreen.storyboard; sourceTree = "<group>"; };
		360BAB9729AE06AE001952C1 /* Info.plist */ = {isa = PBXFileReference; lastKnownFileType = text.plist.xml; path = Info.plist; sourceTree = "<group>"; };
		360BAB9C29AE06AE001952C1 /* wantedChallengeTests.xctest */ = {isa = PBXFileReference; explicitFileType = wrapper.cfbundle; includeInIndex = 0; path = wantedChallengeTests.xctest; sourceTree = BUILT_PRODUCTS_DIR; };
		360BABA029AE06AE001952C1 /* wantedChallengeTests.swift */ = {isa = PBXFileReference; lastKnownFileType = sourcecode.swift; path = wantedChallengeTests.swift; sourceTree = "<group>"; };
		360BABA629AE06AE001952C1 /* wantedChallengeUITests.xctest */ = {isa = PBXFileReference; explicitFileType = wrapper.cfbundle; includeInIndex = 0; path = wantedChallengeUITests.xctest; sourceTree = BUILT_PRODUCTS_DIR; };
		360BABAA29AE06AE001952C1 /* wantedChallengeUITests.swift */ = {isa = PBXFileReference; lastKnownFileType = sourcecode.swift; path = wantedChallengeUITests.swift; sourceTree = "<group>"; };
		360BABAC29AE06AE001952C1 /* wantedChallengeUITestsLaunchTests.swift */ = {isa = PBXFileReference; lastKnownFileType = sourcecode.swift; path = wantedChallengeUITestsLaunchTests.swift; sourceTree = "<group>"; };
		367B099D29AF19D1001FB5C8 /* ImageTableViewCell.swift */ = {isa = PBXFileReference; lastKnownFileType = sourcecode.swift; path = ImageTableViewCell.swift; sourceTree = "<group>"; };
/* End PBXFileReference section */

/* Begin PBXFrameworksBuildPhase section */
		360BAB8329AE06AD001952C1 /* Frameworks */ = {
			isa = PBXFrameworksBuildPhase;
			buildActionMask = 2147483647;
			files = (
			);
			runOnlyForDeploymentPostprocessing = 0;
		};
		360BAB9929AE06AE001952C1 /* Frameworks */ = {
			isa = PBXFrameworksBuildPhase;
			buildActionMask = 2147483647;
			files = (
			);
			runOnlyForDeploymentPostprocessing = 0;
		};
		360BABA329AE06AE001952C1 /* Frameworks */ = {
			isa = PBXFrameworksBuildPhase;
			buildActionMask = 2147483647;
			files = (
			);
			runOnlyForDeploymentPostprocessing = 0;
		};
/* End PBXFrameworksBuildPhase section */

/* Begin PBXGroup section */
		360BAB7D29AE06AD001952C1 = {
			isa = PBXGroup;
			children = (
				360BAB8829AE06AD001952C1 /* wantedChallenge */,
				360BAB9F29AE06AE001952C1 /* wantedChallengeTests */,
				360BABA929AE06AE001952C1 /* wantedChallengeUITests */,
				360BAB8729AE06AD001952C1 /* Products */,
			);
			sourceTree = "<group>";
		};
		360BAB8729AE06AD001952C1 /* Products */ = {
			isa = PBXGroup;
			children = (
				360BAB8629AE06AD001952C1 /* wantedChallenge.app */,
				360BAB9C29AE06AE001952C1 /* wantedChallengeTests.xctest */,
				360BABA629AE06AE001952C1 /* wantedChallengeUITests.xctest */,
			);
			name = Products;
			sourceTree = "<group>";
		};
		360BAB8829AE06AD001952C1 /* wantedChallenge */ = {
			isa = PBXGroup;
			children = (
				360BAB8929AE06AD001952C1 /* AppDelegate.swift */,
				360BAB8B29AE06AD001952C1 /* SceneDelegate.swift */,
				360BAB8D29AE06AD001952C1 /* ViewController.swift */,
				360BAB8F29AE06AE001952C1 /* Main.storyboard */,
				360BAB9229AE06AE001952C1 /* Assets.xcassets */,
				360BAB9429AE06AE001952C1 /* LaunchScreen.storyboard */,
				360BAB9729AE06AE001952C1 /* Info.plist */,
				367B099D29AF19D1001FB5C8 /* ImageTableViewCell.swift */,
			);
			path = wantedChallenge;
			sourceTree = "<group>";
		};
		360BAB9F29AE06AE001952C1 /* wantedChallengeTests */ = {
			isa = PBXGroup;
			children = (
				360BABA029AE06AE001952C1 /* wantedChallengeTests.swift */,
			);
			path = wantedChallengeTests;
			sourceTree = "<group>";
		};
		360BABA929AE06AE001952C1 /* wantedChallengeUITests */ = {
			isa = PBXGroup;
			children = (
				360BABAA29AE06AE001952C1 /* wantedChallengeUITests.swift */,
				360BABAC29AE06AE001952C1 /* wantedChallengeUITestsLaunchTests.swift */,
			);
			path = wantedChallengeUITests;
			sourceTree = "<group>";
		};
/* End PBXGroup section */

/* Begin PBXNativeTarget section */
		360BAB8529AE06AD001952C1 /* wantedChallenge */ = {
			isa = PBXNativeTarget;
			buildConfigurationList = 360BABB029AE06AE001952C1 /* Build configuration list for PBXNativeTarget "wantedChallenge" */;
			buildPhases = (
				360BAB8229AE06AD001952C1 /* Sources */,
				360BAB8329AE06AD001952C1 /* Frameworks */,
				360BAB8429AE06AD001952C1 /* Resources */,
			);
			buildRules = (
			);
			dependencies = (
			);
			name = wantedChallenge;
			productName = wantedChallenge;
			productReference = 360BAB8629AE06AD001952C1 /* wantedChallenge.app */;
			productType = "com.apple.product-type.application";
		};
		360BAB9B29AE06AE001952C1 /* wantedChallengeTests */ = {
			isa = PBXNativeTarget;
			buildConfigurationList = 360BABB329AE06AE001952C1 /* Build configuration list for PBXNativeTarget "wantedChallengeTests" */;
			buildPhases = (
				360BAB9829AE06AE001952C1 /* Sources */,
				360BAB9929AE06AE001952C1 /* Frameworks */,
				360BAB9A29AE06AE001952C1 /* Resources */,
			);
			buildRules = (
			);
			dependencies = (
				360BAB9E29AE06AE001952C1 /* PBXTargetDependency */,
			);
			name = wantedChallengeTests;
			productName = wantedChallengeTests;
			productReference = 360BAB9C29AE06AE001952C1 /* wantedChallengeTests.xctest */;
			productType = "com.apple.product-type.bundle.unit-test";
		};
		360BABA529AE06AE001952C1 /* wantedChallengeUITests */ = {
			isa = PBXNativeTarget;
			buildConfigurationList = 360BABB629AE06AE001952C1 /* Build configuration list for PBXNativeTarget "wantedChallengeUITests" */;
			buildPhases = (
				360BABA229AE06AE001952C1 /* Sources */,
				360BABA329AE06AE001952C1 /* Frameworks */,
				360BABA429AE06AE001952C1 /* Resources */,
			);
			buildRules = (
			);
			dependencies = (
				360BABA829AE06AE001952C1 /* PBXTargetDependency */,
			);
			name = wantedChallengeUITests;
			productName = wantedChallengeUITests;
			productReference = 360BABA629AE06AE001952C1 /* wantedChallengeUITests.xctest */;
			productType = "com.apple.product-type.bundle.ui-testing";
		};
/* End PBXNativeTarget section */

/* Begin PBXProject section */
		360BAB7E29AE06AD001952C1 /* Project object */ = {
			isa = PBXProject;
			attributes = {
				BuildIndependentTargetsInParallel = 1;
				LastSwiftUpdateCheck = 1420;
				LastUpgradeCheck = 1420;
				TargetAttributes = {
					360BAB8529AE06AD001952C1 = {
						CreatedOnToolsVersion = 14.2;
					};
					360BAB9B29AE06AE001952C1 = {
						CreatedOnToolsVersion = 14.2;
						TestTargetID = 360BAB8529AE06AD001952C1;
					};
					360BABA529AE06AE001952C1 = {
						CreatedOnToolsVersion = 14.2;
						TestTargetID = 360BAB8529AE06AD001952C1;
					};
				};
			};
			buildConfigurationList = 360BAB8129AE06AD001952C1 /* Build configuration list for PBXProject "wantedChallenge" */;
			compatibilityVersion = "Xcode 14.0";
			developmentRegion = en;
			hasScannedForEncodings = 0;
			knownRegions = (
				en,
				Base,
			);
			mainGroup = 360BAB7D29AE06AD001952C1;
			productRefGroup = 360BAB8729AE06AD001952C1 /* Products */;
			projectDirPath = "";
			projectRoot = "";
			targets = (
				360BAB8529AE06AD001952C1 /* wantedChallenge */,
				360BAB9B29AE06AE001952C1 /* wantedChallengeTests */,
				360BABA529AE06AE001952C1 /* wantedChallengeUITests */,
			);
		};
/* End PBXProject section */

/* Begin PBXResourcesBuildPhase section */
		360BAB8429AE06AD001952C1 /* Resources */ = {
			isa = PBXResourcesBuildPhase;
			buildActionMask = 2147483647;
			files = (
				360BAB9629AE06AE001952C1 /* LaunchScreen.storyboard in Resources */,
				360BAB9329AE06AE001952C1 /* Assets.xcassets in Resources */,
				360BAB9129AE06AE001952C1 /* Main.storyboard in Resources */,
			);
			runOnlyForDeploymentPostprocessing = 0;
		};
		360BAB9A29AE06AE001952C1 /* Resources */ = {
			isa = PBXResourcesBuildPhase;
			buildActionMask = 2147483647;
			files = (
			);
			runOnlyForDeploymentPostprocessing = 0;
		};
		360BABA429AE06AE001952C1 /* Resources */ = {
			isa = PBXResourcesBuildPhase;
			buildActionMask = 2147483647;
			files = (
			);
			runOnlyForDeploymentPostprocessing = 0;
		};
/* End PBXResourcesBuildPhase section */

/* Begin PBXSourcesBuildPhase section */
		360BAB8229AE06AD001952C1 /* Sources */ = {
			isa = PBXSourcesBuildPhase;
			buildActionMask = 2147483647;
			files = (
				360BAB8E29AE06AD001952C1 /* ViewController.swift in Sources */,
				367B099E29AF19D1001FB5C8 /* ImageTableViewCell.swift in Sources */,
				360BAB8A29AE06AD001952C1 /* AppDelegate.swift in Sources */,
				360BAB8C29AE06AD001952C1 /* SceneDelegate.swift in Sources */,
			);
			runOnlyForDeploymentPostprocessing = 0;
		};
		360BAB9829AE06AE001952C1 /* Sources */ = {
			isa = PBXSourcesBuildPhase;
			buildActionMask = 2147483647;
			files = (
				360BABA129AE06AE001952C1 /* wantedChallengeTests.swift in Sources */,
			);
			runOnlyForDeploymentPostprocessing = 0;
		};
		360BABA229AE06AE001952C1 /* Sources */ = {
			isa = PBXSourcesBuildPhase;
			buildActionMask = 2147483647;
			files = (
				360BABAB29AE06AE001952C1 /* wantedChallengeUITests.swift in Sources */,
				360BABAD29AE06AE001952C1 /* wantedChallengeUITestsLaunchTests.swift in Sources */,
			);
			runOnlyForDeploymentPostprocessing = 0;
		};
/* End PBXSourcesBuildPhase section */

/* Begin PBXTargetDependency section */
		360BAB9E29AE06AE001952C1 /* PBXTargetDependency */ = {
			isa = PBXTargetDependency;
			target = 360BAB8529AE06AD001952C1 /* wantedChallenge */;
			targetProxy = 360BAB9D29AE06AE001952C1 /* PBXContainerItemProxy */;
		};
		360BABA829AE06AE001952C1 /* PBXTargetDependency */ = {
			isa = PBXTargetDependency;
			target = 360BAB8529AE06AD001952C1 /* wantedChallenge */;
			targetProxy = 360BABA729AE06AE001952C1 /* PBXContainerItemProxy */;
		};
/* End PBXTargetDependency section */

/* Begin PBXVariantGroup section */
		360BAB8F29AE06AE001952C1 /* Main.storyboard */ = {
			isa = PBXVariantGroup;
			children = (
				360BAB9029AE06AE001952C1 /* Base */,
			);
			name = Main.storyboard;
			sourceTree = "<group>";
		};
		360BAB9429AE06AE001952C1 /* LaunchScreen.storyboard */ = {
			isa = PBXVariantGroup;
			children = (
				360BAB9529AE06AE001952C1 /* Base */,
			);
			name = LaunchScreen.storyboard;
			sourceTree = "<group>";
		};
/* End PBXVariantGroup section */

/* Begin XCBuildConfiguration section */
		360BABAE29AE06AE001952C1 /* Debug */ = {
			isa = XCBuildConfiguration;
			buildSettings = {
				ALWAYS_SEARCH_USER_PATHS = NO;
				CLANG_ANALYZER_NONNULL = YES;
				CLANG_ANALYZER_NUMBER_OBJECT_CONVERSION = YES_AGGRESSIVE;
				CLANG_CXX_LANGUAGE_STANDARD = "gnu++20";
				CLANG_ENABLE_MODULES = YES;
				CLANG_ENABLE_OBJC_ARC = YES;
				CLANG_ENABLE_OBJC_WEAK = YES;
				CLANG_WARN_BLOCK_CAPTURE_AUTORELEASING = YES;
				CLANG_WARN_BOOL_CONVERSION = YES;
				CLANG_WARN_COMMA = YES;
				CLANG_WARN_CONSTANT_CONVERSION = YES;
				CLANG_WARN_DEPRECATED_OBJC_IMPLEMENTATIONS = YES;
				CLANG_WARN_DIRECT_OBJC_ISA_USAGE = YES_ERROR;
				CLANG_WARN_DOCUMENTATION_COMMENTS = YES;
				CLANG_WARN_EMPTY_BODY = YES;
				CLANG_WARN_ENUM_CONVERSION = YES;
				CLANG_WARN_INFINITE_RECURSION = YES;
				CLANG_WARN_INT_CONVERSION = YES;
				CLANG_WARN_NON_LITERAL_NULL_CONVERSION = YES;
				CLANG_WARN_OBJC_IMPLICIT_RETAIN_SELF = YES;
				CLANG_WARN_OBJC_LITERAL_CONVERSION = YES;
				CLANG_WARN_OBJC_ROOT_CLASS = YES_ERROR;
				CLANG_WARN_QUOTED_INCLUDE_IN_FRAMEWORK_HEADER = YES;
				CLANG_WARN_RANGE_LOOP_ANALYSIS = YES;
				CLANG_WARN_STRICT_PROTOTYPES = YES;
				CLANG_WARN_SUSPICIOUS_MOVE = YES;
				CLANG_WARN_UNGUARDED_AVAILABILITY = YES_AGGRESSIVE;
				CLANG_WARN_UNREACHABLE_CODE = YES;
				CLANG_WARN__DUPLICATE_METHOD_MATCH = YES;
				COPY_PHASE_STRIP = NO;
				DEBUG_INFORMATION_FORMAT = dwarf;
				ENABLE_STRICT_OBJC_MSGSEND = YES;
				ENABLE_TESTABILITY = YES;
				GCC_C_LANGUAGE_STANDARD = gnu11;
				GCC_DYNAMIC_NO_PIC = NO;
				GCC_NO_COMMON_BLOCKS = YES;
				GCC_OPTIMIZATION_LEVEL = 0;
				GCC_PREPROCESSOR_DEFINITIONS = (
					"DEBUG=1",
					"$(inherited)",
				);
				GCC_WARN_64_TO_32_BIT_CONVERSION = YES;
				GCC_WARN_ABOUT_RETURN_TYPE = YES_ERROR;
				GCC_WARN_UNDECLARED_SELECTOR = YES;
				GCC_WARN_UNINITIALIZED_AUTOS = YES_AGGRESSIVE;
				GCC_WARN_UNUSED_FUNCTION = YES;
				GCC_WARN_UNUSED_VARIABLE = YES;
				IPHONEOS_DEPLOYMENT_TARGET = 16.2;
				MTL_ENABLE_DEBUG_INFO = INCLUDE_SOURCE;
				MTL_FAST_MATH = YES;
				ONLY_ACTIVE_ARCH = YES;
				SDKROOT = iphoneos;
				SWIFT_ACTIVE_COMPILATION_CONDITIONS = DEBUG;
				SWIFT_OPTIMIZATION_LEVEL = "-Onone";
			};
			name = Debug;
		};
		360BABAF29AE06AE001952C1 /* Release */ = {
			isa = XCBuildConfiguration;
			buildSettings = {
				ALWAYS_SEARCH_USER_PATHS = NO;
				CLANG_ANALYZER_NONNULL = YES;
				CLANG_ANALYZER_NUMBER_OBJECT_CONVERSION = YES_AGGRESSIVE;
				CLANG_CXX_LANGUAGE_STANDARD = "gnu++20";
				CLANG_ENABLE_MODULES = YES;
				CLANG_ENABLE_OBJC_ARC = YES;
				CLANG_ENABLE_OBJC_WEAK = YES;
				CLANG_WARN_BLOCK_CAPTURE_AUTORELEASING = YES;
				CLANG_WARN_BOOL_CONVERSION = YES;
				CLANG_WARN_COMMA = YES;
				CLANG_WARN_CONSTANT_CONVERSION = YES;
				CLANG_WARN_DEPRECATED_OBJC_IMPLEMENTATIONS = YES;
				CLANG_WARN_DIRECT_OBJC_ISA_USAGE = YES_ERROR;
				CLANG_WARN_DOCUMENTATION_COMMENTS = YES;
				CLANG_WARN_EMPTY_BODY = YES;
				CLANG_WARN_ENUM_CONVERSION = YES;
				CLANG_WARN_INFINITE_RECURSION = YES;
				CLANG_WARN_INT_CONVERSION = YES;
				CLANG_WARN_NON_LITERAL_NULL_CONVERSION = YES;
				CLANG_WARN_OBJC_IMPLICIT_RETAIN_SELF = YES;
				CLANG_WARN_OBJC_LITERAL_CONVERSION = YES;
				CLANG_WARN_OBJC_ROOT_CLASS = YES_ERROR;
				CLANG_WARN_QUOTED_INCLUDE_IN_FRAMEWORK_HEADER = YES;
				CLANG_WARN_RANGE_LOOP_ANALYSIS = YES;
				CLANG_WARN_STRICT_PROTOTYPES = YES;
				CLANG_WARN_SUSPICIOUS_MOVE = YES;
				CLANG_WARN_UNGUARDED_AVAILABILITY = YES_AGGRESSIVE;
				CLANG_WARN_UNREACHABLE_CODE = YES;
				CLANG_WARN__DUPLICATE_METHOD_MATCH = YES;
				COPY_PHASE_STRIP = NO;
				DEBUG_INFORMATION_FORMAT = "dwarf-with-dsym";
				ENABLE_NS_ASSERTIONS = NO;
				ENABLE_STRICT_OBJC_MSGSEND = YES;
				GCC_C_LANGUAGE_STANDARD = gnu11;
				GCC_NO_COMMON_BLOCKS = YES;
				GCC_WARN_64_TO_32_BIT_CONVERSION = YES;
				GCC_WARN_ABOUT_RETURN_TYPE = YES_ERROR;
				GCC_WARN_UNDECLARED_SELECTOR = YES;
				GCC_WARN_UNINITIALIZED_AUTOS = YES_AGGRESSIVE;
				GCC_WARN_UNUSED_FUNCTION = YES;
				GCC_WARN_UNUSED_VARIABLE = YES;
				IPHONEOS_DEPLOYMENT_TARGET = 16.2;
				MTL_ENABLE_DEBUG_INFO = NO;
				MTL_FAST_MATH = YES;
				SDKROOT = iphoneos;
				SWIFT_COMPILATION_MODE = wholemodule;
				SWIFT_OPTIMIZATION_LEVEL = "-O";
				VALIDATE_PRODUCT = YES;
			};
			name = Release;
		};
		360BABB129AE06AE001952C1 /* Debug */ = {
			isa = XCBuildConfiguration;
			buildSettings = {
				ASSETCATALOG_COMPILER_APPICON_NAME = AppIcon;
				ASSETCATALOG_COMPILER_GLOBAL_ACCENT_COLOR_NAME = AccentColor;
				CODE_SIGN_STYLE = Automatic;
				CURRENT_PROJECT_VERSION = 1;
				DEVELOPMENT_TEAM = SN2U9AGD3N;
				GENERATE_INFOPLIST_FILE = YES;
				INFOPLIST_FILE = wantedChallenge/Info.plist;
				INFOPLIST_KEY_UIApplicationSupportsIndirectInputEvents = YES;
				INFOPLIST_KEY_UILaunchStoryboardName = LaunchScreen;
				INFOPLIST_KEY_UIMainStoryboardFile = Main;
				INFOPLIST_KEY_UISupportedInterfaceOrientations_iPad = "UIInterfaceOrientationPortrait UIInterfaceOrientationPortraitUpsideDown UIInterfaceOrientationLandscapeLeft UIInterfaceOrientationLandscapeRight";
				INFOPLIST_KEY_UISupportedInterfaceOrientations_iPhone = "UIInterfaceOrientationPortrait UIInterfaceOrientationLandscapeLeft UIInterfaceOrientationLandscapeRight";
				LD_RUNPATH_SEARCH_PATHS = (
					"$(inherited)",
					"@executable_path/Frameworks",
				);
				MARKETING_VERSION = 1.0;
				PRODUCT_BUNDLE_IDENTIFIER = com.sehoon.wantedChallenge;
				PRODUCT_NAME = "$(TARGET_NAME)";
				SWIFT_EMIT_LOC_STRINGS = YES;
				SWIFT_VERSION = 5.0;
				TARGETED_DEVICE_FAMILY = "1,2";
			};
			name = Debug;
		};
		360BABB229AE06AE001952C1 /* Release */ = {
			isa = XCBuildConfiguration;
			buildSettings = {
				ASSETCATALOG_COMPILER_APPICON_NAME = AppIcon;
				ASSETCATALOG_COMPILER_GLOBAL_ACCENT_COLOR_NAME = AccentColor;
				CODE_SIGN_STYLE = Automatic;
				CURRENT_PROJECT_VERSION = 1;
				DEVELOPMENT_TEAM = SN2U9AGD3N;
				GENERATE_INFOPLIST_FILE = YES;
				INFOPLIST_FILE = wantedChallenge/Info.plist;
				INFOPLIST_KEY_UIApplicationSupportsIndirectInputEvents = YES;
				INFOPLIST_KEY_UILaunchStoryboardName = LaunchScreen;
				INFOPLIST_KEY_UIMainStoryboardFile = Main;
				INFOPLIST_KEY_UISupportedInterfaceOrientations_iPad = "UIInterfaceOrientationPortrait UIInterfaceOrientationPortraitUpsideDown UIInterfaceOrientationLandscapeLeft UIInterfaceOrientationLandscapeRight";
				INFOPLIST_KEY_UISupportedInterfaceOrientations_iPhone = "UIInterfaceOrientationPortrait UIInterfaceOrientationLandscapeLeft UIInterfaceOrientationLandscapeRight";
				LD_RUNPATH_SEARCH_PATHS = (
					"$(inherited)",
					"@executable_path/Frameworks",
				);
				MARKETING_VERSION = 1.0;
				PRODUCT_BUNDLE_IDENTIFIER = com.sehoon.wantedChallenge;
				PRODUCT_NAME = "$(TARGET_NAME)";
				SWIFT_EMIT_LOC_STRINGS = YES;
				SWIFT_VERSION = 5.0;
				TARGETED_DEVICE_FAMILY = "1,2";
			};
			name = Release;
		};
		360BABB429AE06AE001952C1 /* Debug */ = {
			isa = XCBuildConfiguration;
			buildSettings = {
				ALWAYS_EMBED_SWIFT_STANDARD_LIBRARIES = YES;
				BUNDLE_LOADER = "$(TEST_HOST)";
				CODE_SIGN_STYLE = Automatic;
				CURRENT_PROJECT_VERSION = 1;
				DEVELOPMENT_TEAM = SN2U9AGD3N;
				GENERATE_INFOPLIST_FILE = YES;
				IPHONEOS_DEPLOYMENT_TARGET = 16.2;
				MARKETING_VERSION = 1.0;
				PRODUCT_BUNDLE_IDENTIFIER = com.sehoon.wantedChallengeTests;
				PRODUCT_NAME = "$(TARGET_NAME)";
				SWIFT_EMIT_LOC_STRINGS = NO;
				SWIFT_VERSION = 5.0;
				TARGETED_DEVICE_FAMILY = "1,2";
				TEST_HOST = "$(BUILT_PRODUCTS_DIR)/wantedChallenge.app/$(BUNDLE_EXECUTABLE_FOLDER_PATH)/wantedChallenge";
			};
			name = Debug;
		};
		360BABB529AE06AE001952C1 /* Release */ = {
			isa = XCBuildConfiguration;
			buildSettings = {
				ALWAYS_EMBED_SWIFT_STANDARD_LIBRARIES = YES;
				BUNDLE_LOADER = "$(TEST_HOST)";
				CODE_SIGN_STYLE = Automatic;
				CURRENT_PROJECT_VERSION = 1;
				DEVELOPMENT_TEAM = SN2U9AGD3N;
				GENERATE_INFOPLIST_FILE = YES;
				IPHONEOS_DEPLOYMENT_TARGET = 16.2;
				MARKETING_VERSION = 1.0;
				PRODUCT_BUNDLE_IDENTIFIER = com.sehoon.wantedChallengeTests;
				PRODUCT_NAME = "$(TARGET_NAME)";
				SWIFT_EMIT_LOC_STRINGS = NO;
				SWIFT_VERSION = 5.0;
				TARGETED_DEVICE_FAMILY = "1,2";
				TEST_HOST = "$(BUILT_PRODUCTS_DIR)/wantedChallenge.app/$(BUNDLE_EXECUTABLE_FOLDER_PATH)/wantedChallenge";
			};
			name = Release;
		};
		360BABB729AE06AE001952C1 /* Debug */ = {
			isa = XCBuildConfiguration;
			buildSettings = {
				ALWAYS_EMBED_SWIFT_STANDARD_LIBRARIES = YES;
				CODE_SIGN_STYLE = Automatic;
				CURRENT_PROJECT_VERSION = 1;
				DEVELOPMENT_TEAM = SN2U9AGD3N;
				GENERATE_INFOPLIST_FILE = YES;
				MARKETING_VERSION = 1.0;
				PRODUCT_BUNDLE_IDENTIFIER = com.sehoon.wantedChallengeUITests;
				PRODUCT_NAME = "$(TARGET_NAME)";
				SWIFT_EMIT_LOC_STRINGS = NO;
				SWIFT_VERSION = 5.0;
				TARGETED_DEVICE_FAMILY = "1,2";
				TEST_TARGET_NAME = wantedChallenge;
			};
			name = Debug;
		};
		360BABB829AE06AE001952C1 /* Release */ = {
			isa = XCBuildConfiguration;
			buildSettings = {
				ALWAYS_EMBED_SWIFT_STANDARD_LIBRARIES = YES;
				CODE_SIGN_STYLE = Automatic;
				CURRENT_PROJECT_VERSION = 1;
				DEVELOPMENT_TEAM = SN2U9AGD3N;
				GENERATE_INFOPLIST_FILE = YES;
				MARKETING_VERSION = 1.0;
				PRODUCT_BUNDLE_IDENTIFIER = com.sehoon.wantedChallengeUITests;
				PRODUCT_NAME = "$(TARGET_NAME)";
				SWIFT_EMIT_LOC_STRINGS = NO;
				SWIFT_VERSION = 5.0;
				TARGETED_DEVICE_FAMILY = "1,2";
				TEST_TARGET_NAME = wantedChallenge;
			};
			name = Release;
		};
/* End XCBuildConfiguration section */

/* Begin XCConfigurationList section */
		360BAB8129AE06AD001952C1 /* Build configuration list for PBXProject "wantedChallenge" */ = {
			isa = XCConfigurationList;
			buildConfigurations = (
				360BABAE29AE06AE001952C1 /* Debug */,
				360BABAF29AE06AE001952C1 /* Release */,
			);
			defaultConfigurationIsVisible = 0;
			defaultConfigurationName = Release;
		};
		360BABB029AE06AE001952C1 /* Build configuration list for PBXNativeTarget "wantedChallenge" */ = {
			isa = XCConfigurationList;
			buildConfigurations = (
				360BABB129AE06AE001952C1 /* Debug */,
				360BABB229AE06AE001952C1 /* Release */,
			);
			defaultConfigurationIsVisible = 0;
			defaultConfigurationName = Release;
		};
		360BABB329AE06AE001952C1 /* Build configuration list for PBXNativeTarget "wantedChallengeTests" */ = {
			isa = XCConfigurationList;
			buildConfigurations = (
				360BABB429AE06AE001952C1 /* Debug */,
				360BABB529AE06AE001952C1 /* Release */,
			);
			defaultConfigurationIsVisible = 0;
			defaultConfigurationName = Release;
		};
		360BABB629AE06AE001952C1 /* Build configuration list for PBXNativeTarget "wantedChallengeUITests" */ = {
			isa = XCConfigurationList;
			buildConfigurations = (
				360BABB729AE06AE001952C1 /* Debug */,
				360BABB829AE06AE001952C1 /* Release */,
			);
			defaultConfigurationIsVisible = 0;
			defaultConfigurationName = Release;
		};
/* End XCConfigurationList section */
	};
	rootObject = 360BAB7E29AE06AD001952C1 /* Project object */;
}
